
Microsoft Visual Studio Solution File, Format Version 12.00
# Visual Studio Version 16
VisualStudioVersion = 16.0.31105.61
MinimumVisualStudioVersion = 10.0.40219.1
Project("{9A19103F-16F7-4668-BE54-9A1E7A4F7556}") = "GroupAssignment", "GroupAssignment\GroupAssignment.csproj", "{A21E40BB-98EE-4451-9388-C925B4269E4F}"
EndProject
Global
	GlobalSection(SolutionConfigurationPlatforms) = preSolution
		Debug|Any CPU = Debug|Any CPU
		Release|Any CPU = Release|Any CPU
	EndGlobalSection
	GlobalSection(ProjectConfigurationPlatforms) = postSolution
		{A21E40BB-98EE-4451-9388-C925B4269E4F}.Debug|Any CPU.ActiveCfg = Debug|Any CPU
		{A21E40BB-98EE-4451-9388-C925B4269E4F}.Debug|Any CPU.Build.0 = Debug|Any CPU
		{A21E40BB-98EE-4451-9388-C925B4269E4F}.Release|Any CPU.ActiveCfg = Release|Any CPU
		{A21E40BB-98EE-4451-9388-C925B4269E4F}.Release|Any CPU.Build.0 = Release|Any CPU
	EndGlobalSection
	GlobalSection(SolutionProperties) = preSolution
		HideSolutionNode = FALSE
	EndGlobalSection
	GlobalSection(ExtensibilityGlobals) = postSolution
		SolutionGuid = {27865230-5471-449B-8276-74363C15173A}
	EndGlobalSection
EndGlobal
